
Microsoft Visual Studio Solution File, Format Version 12.00
# Visual Studio Version 16
VisualStudioVersion = 16.0.29230.47
MinimumVisualStudioVersion = 10.0.40219.1
Project("{FAE04EC0-301F-11D3-BF4B-00C04F79EFBC}") = "TestApplication", "TestApplication\TestApplication.csproj", "{0738F452-21B6-48B4-9489-8AE3CB85BB7A}"
EndProject
Global
	GlobalSection(SolutionConfigurationPlatforms) = preSolution
		Debug|Any CPU = Debug|Any CPU
		Release|Any CPU = Release|Any CPU
	EndGlobalSection
	GlobalSection(ProjectConfigurationPlatforms) = postSolution
		{0738F452-21B6-48B4-9489-8AE3CB85BB7A}.Debug|Any CPU.ActiveCfg = Debug|Any CPU
		{0738F452-21B6-48B4-9489-8AE3CB85BB7A}.Debug|Any CPU.Build.0 = Debug|Any CPU
		{0738F452-21B6-48B4-9489-8AE3CB85BB7A}.Release|Any CPU.ActiveCfg = Release|Any CPU
		{0738F452-21B6-48B4-9489-8AE3CB85BB7A}.Release|Any CPU.Build.0 = Release|Any CPU
	EndGlobalSection
	GlobalSection(SolutionProperties) = preSolution
		HideSolutionNode = FALSE
	EndGlobalSection
	GlobalSection(ExtensibilityGlobals) = postSolution
		SolutionGuid = {8D7A1CF6-6887-42B6-80E9-4A5E987CBE77}
	EndGlobalSection
EndGlobal
